// !$*UTF8*$!
{
	archiveVersion = 1;
	classes = {
	};
	objectVersion = 50;
	objects = {

/* Begin PBXBuildFile section */
		28B78D1324075CDF0098DECF /* loss.swift in Sources */ = {isa = PBXBuildFile; fileRef = 28B78D1224075CDF0098DECF /* loss.swift */; };
		6A7DA57B23FECAD500DBB519 /* AppDelegate.swift in Sources */ = {isa = PBXBuildFile; fileRef = 6A7DA57A23FECAD500DBB519 /* AppDelegate.swift */; };
		6A7DA57D23FECAD500DBB519 /* SceneDelegate.swift in Sources */ = {isa = PBXBuildFile; fileRef = 6A7DA57C23FECAD500DBB519 /* SceneDelegate.swift */; };
		6A7DA57F23FECAD500DBB519 /* ContentView.swift in Sources */ = {isa = PBXBuildFile; fileRef = 6A7DA57E23FECAD500DBB519 /* ContentView.swift */; };
		6A7DA58123FECAD600DBB519 /* Assets.xcassets in Resources */ = {isa = PBXBuildFile; fileRef = 6A7DA58023FECAD600DBB519 /* Assets.xcassets */; };
		6A7DA58423FECAD600DBB519 /* Preview Assets.xcassets in Resources */ = {isa = PBXBuildFile; fileRef = 6A7DA58323FECAD600DBB519 /* Preview Assets.xcassets */; };
		6A7DA58F23FED02500DBB519 /* Avatar.swift in Sources */ = {isa = PBXBuildFile; fileRef = 6A7DA58E23FED02500DBB519 /* Avatar.swift */; };
		6A7DA59123FED71C00DBB519 /* GameBoard.swift in Sources */ = {isa = PBXBuildFile; fileRef = 6A7DA59023FED71C00DBB519 /* GameBoard.swift */; };
		6A7DA59323FEDB7100DBB519 /* ControllerButtons.swift in Sources */ = {isa = PBXBuildFile; fileRef = 6A7DA59223FEDB7100DBB519 /* ControllerButtons.swift */; };
		6A7DA59523FEDF3000DBB519 /* CollisionObject.swift in Sources */ = {isa = PBXBuildFile; fileRef = 6A7DA59423FEDF3000DBB519 /* CollisionObject.swift */; };
		6A7DA59723FEE6D400DBB519 /* LaunchScreen.storyboard in Resources */ = {isa = PBXBuildFile; fileRef = 6A7DA59623FEE6D400DBB519 /* LaunchScreen.storyboard */; };
		6E292A1A240578ED00F5ABB2 /* TimerView.swift in Sources */ = {isa = PBXBuildFile; fileRef = 6E292A19240578ED00F5ABB2 /* TimerView.swift */; };
		6E292A1C2405810B00F5ABB2 /* FallingObjects.swift in Sources */ = {isa = PBXBuildFile; fileRef = 6E292A1B2405810B00F5ABB2 /* FallingObjects.swift */; };
/* End PBXBuildFile section */

/* Begin PBXFileReference section */
		28B78D1224075CDF0098DECF /* loss.swift */ = {isa = PBXFileReference; lastKnownFileType = sourcecode.swift; path = loss.swift; sourceTree = "<group>"; };
		6A7DA57723FECAD500DBB519 /* Game Kit.app */ = {isa = PBXFileReference; explicitFileType = wrapper.application; includeInIndex = 0; path = "Game Kit.app"; sourceTree = BUILT_PRODUCTS_DIR; };
		6A7DA57A23FECAD500DBB519 /* AppDelegate.swift */ = {isa = PBXFileReference; lastKnownFileType = sourcecode.swift; path = AppDelegate.swift; sourceTree = "<group>"; };
		6A7DA57C23FECAD500DBB519 /* SceneDelegate.swift */ = {isa = PBXFileReference; lastKnownFileType = sourcecode.swift; path = SceneDelegate.swift; sourceTree = "<group>"; };
		6A7DA57E23FECAD500DBB519 /* ContentView.swift */ = {isa = PBXFileReference; lastKnownFileType = sourcecode.swift; path = ContentView.swift; sourceTree = "<group>"; };
		6A7DA58023FECAD600DBB519 /* Assets.xcassets */ = {isa = PBXFileReference; lastKnownFileType = folder.assetcatalog; path = Assets.xcassets; sourceTree = "<group>"; };
		6A7DA58323FECAD600DBB519 /* Preview Assets.xcassets */ = {isa = PBXFileReference; lastKnownFileType = folder.assetcatalog; path = "Preview Assets.xcassets"; sourceTree = "<group>"; };
		6A7DA58823FECAD600DBB519 /* Info.plist */ = {isa = PBXFileReference; lastKnownFileType = text.plist.xml; path = Info.plist; sourceTree = "<group>"; };
		6A7DA58E23FED02500DBB519 /* Avatar.swift */ = {isa = PBXFileReference; lastKnownFileType = sourcecode.swift; path = Avatar.swift; sourceTree = "<group>"; };
		6A7DA59023FED71C00DBB519 /* GameBoard.swift */ = {isa = PBXFileReference; lastKnownFileType = sourcecode.swift; path = GameBoard.swift; sourceTree = "<group>"; };
		6A7DA59223FEDB7100DBB519 /* ControllerButtons.swift */ = {isa = PBXFileReference; lastKnownFileType = sourcecode.swift; path = ControllerButtons.swift; sourceTree = "<group>"; };
		6A7DA59423FEDF3000DBB519 /* CollisionObject.swift */ = {isa = PBXFileReference; lastKnownFileType = sourcecode.swift; path = CollisionObject.swift; sourceTree = "<group>"; };
		6A7DA59623FEE6D400DBB519 /* LaunchScreen.storyboard */ = {isa = PBXFileReference; fileEncoding = 4; lastKnownFileType = file.storyboard; path = LaunchScreen.storyboard; sourceTree = "<group>"; };
		6E292A19240578ED00F5ABB2 /* TimerView.swift */ = {isa = PBXFileReference; lastKnownFileType = sourcecode.swift; path = TimerView.swift; sourceTree = "<group>"; };
		6E292A1B2405810B00F5ABB2 /* FallingObjects.swift */ = {isa = PBXFileReference; lastKnownFileType = sourcecode.swift; path = FallingObjects.swift; sourceTree = "<group>"; };
/* End PBXFileReference section */

/* Begin PBXFrameworksBuildPhase section */
		6A7DA57423FECAD500DBB519 /* Frameworks */ = {
			isa = PBXFrameworksBuildPhase;
			buildActionMask = 2147483647;
			files = (
			);
			runOnlyForDeploymentPostprocessing = 0;
		};
/* End PBXFrameworksBuildPhase section */

/* Begin PBXGroup section */
		6A7DA56E23FECAD500DBB519 = {
			isa = PBXGroup;
			children = (
				6A7DA57923FECAD500DBB519 /* GameKit */,
				6A7DA57823FECAD500DBB519 /* Products */,
			);
			sourceTree = "<group>";
		};
		6A7DA57823FECAD500DBB519 /* Products */ = {
			isa = PBXGroup;
			children = (
				6A7DA57723FECAD500DBB519 /* Game Kit.app */,
			);
			name = Products;
			sourceTree = "<group>";
		};
		6A7DA57923FECAD500DBB519 /* GameKit */ = {
			isa = PBXGroup;
			children = (
				6A7DA57A23FECAD500DBB519 /* AppDelegate.swift */,
				6A7DA57C23FECAD500DBB519 /* SceneDelegate.swift */,
				6A7DA57E23FECAD500DBB519 /* ContentView.swift */,
				6E292A1B2405810B00F5ABB2 /* FallingObjects.swift */,
				28B78D1224075CDF0098DECF /* loss.swift */,
				6A7DA59223FEDB7100DBB519 /* ControllerButtons.swift */,
				6A7DA59023FED71C00DBB519 /* GameBoard.swift */,
				6E292A19240578ED00F5ABB2 /* TimerView.swift */,
				6A7DA58E23FED02500DBB519 /* Avatar.swift */,
				6A7DA59423FEDF3000DBB519 /* CollisionObject.swift */,
				6A7DA58023FECAD600DBB519 /* Assets.xcassets */,
				6A7DA59623FEE6D400DBB519 /* LaunchScreen.storyboard */,
				6A7DA58823FECAD600DBB519 /* Info.plist */,
				6A7DA58223FECAD600DBB519 /* Preview Content */,
			);
			path = GameKit;
			sourceTree = "<group>";
		};
		6A7DA58223FECAD600DBB519 /* Preview Content */ = {
			isa = PBXGroup;
			children = (
				6A7DA58323FECAD600DBB519 /* Preview Assets.xcassets */,
			);
			path = "Preview Content";
			sourceTree = "<group>";
		};
/* End PBXGroup section */

/* Begin PBXNativeTarget section */
		6A7DA57623FECAD500DBB519 /* GameKit */ = {
			isa = PBXNativeTarget;
			buildConfigurationList = 6A7DA58B23FECAD600DBB519 /* Build configuration list for PBXNativeTarget "GameKit" */;
			buildPhases = (
				6A7DA57323FECAD500DBB519 /* Sources */,
				6A7DA57423FECAD500DBB519 /* Frameworks */,
				6A7DA57523FECAD500DBB519 /* Resources */,
			);
			buildRules = (
			);
			dependencies = (
			);
			name = GameKit;
			productName = GameKit;
			productReference = 6A7DA57723FECAD500DBB519 /* Game Kit.app */;
			productType = "com.apple.product-type.application";
		};
/* End PBXNativeTarget section */

/* Begin PBXProject section */
		6A7DA56F23FECAD500DBB519 /* Project object */ = {
			isa = PBXProject;
			attributes = {
				LastSwiftUpdateCheck = 1130;
				LastUpgradeCheck = 1130;
				ORGANIZATIONNAME = "Mobile Lab";
				TargetAttributes = {
					6A7DA57623FECAD500DBB519 = {
						CreatedOnToolsVersion = 11.3.1;
					};
				};
			};
			buildConfigurationList = 6A7DA57223FECAD500DBB519 /* Build configuration list for PBXProject "GameKit" */;
			compatibilityVersion = "Xcode 9.3";
			developmentRegion = en;
			hasScannedForEncodings = 0;
			knownRegions = (
				en,
				Base,
			);
			mainGroup = 6A7DA56E23FECAD500DBB519;
			productRefGroup = 6A7DA57823FECAD500DBB519 /* Products */;
			projectDirPath = "";
			projectRoot = "";
			targets = (
				6A7DA57623FECAD500DBB519 /* GameKit */,
			);
		};
/* End PBXProject section */

/* Begin PBXResourcesBuildPhase section */
		6A7DA57523FECAD500DBB519 /* Resources */ = {
			isa = PBXResourcesBuildPhase;
			buildActionMask = 2147483647;
			files = (
				6A7DA59723FEE6D400DBB519 /* LaunchScreen.storyboard in Resources */,
				6A7DA58423FECAD600DBB519 /* Preview Assets.xcassets in Resources */,
				6A7DA58123FECAD600DBB519 /* Assets.xcassets in Resources */,
			);
			runOnlyForDeploymentPostprocessing = 0;
		};
/* End PBXResourcesBuildPhase section */

/* Begin PBXSourcesBuildPhase section */
		6A7DA57323FECAD500DBB519 /* Sources */ = {
			isa = PBXSourcesBuildPhase;
			buildActionMask = 2147483647;
			files = (
				6E292A1A240578ED00F5ABB2 /* TimerView.swift in Sources */,
				6A7DA57B23FECAD500DBB519 /* AppDelegate.swift in Sources */,
				28B78D1324075CDF0098DECF /* loss.swift in Sources */,
				6A7DA57D23FECAD500DBB519 /* SceneDelegate.swift in Sources */,
				6A7DA59123FED71C00DBB519 /* GameBoard.swift in Sources */,
				6E292A1C2405810B00F5ABB2 /* FallingObjects.swift in Sources */,
				6A7DA59323FEDB7100DBB519 /* ControllerButtons.swift in Sources */,
				6A7DA58F23FED02500DBB519 /* Avatar.swift in Sources */,
				6A7DA59523FEDF3000DBB519 /* CollisionObject.swift in Sources */,
				6A7DA57F23FECAD500DBB519 /* ContentView.swift in Sources */,
			);
			runOnlyForDeploymentPostprocessing = 0;
		};
/* End PBXSourcesBuildPhase section */

/* Begin XCBuildConfiguration section */
		6A7DA58923FECAD600DBB519 /* Debug */ = {
			isa = XCBuildConfiguration;
			buildSettings = {
				ALWAYS_SEARCH_USER_PATHS = NO;
				CLANG_ANALYZER_NONNULL = YES;
				CLANG_ANALYZER_NUMBER_OBJECT_CONVERSION = YES_AGGRESSIVE;
				CLANG_CXX_LANGUAGE_STANDARD = "gnu++14";
				CLANG_CXX_LIBRARY = "libc++";
				CLANG_ENABLE_MODULES = YES;
				CLANG_ENABLE_OBJC_ARC = YES;
				CLANG_ENABLE_OBJC_WEAK = YES;
				CLANG_WARN_BLOCK_CAPTURE_AUTORELEASING = YES;
				CLANG_WARN_BOOL_CONVERSION = YES;
				CLANG_WARN_COMMA = YES;
				CLANG_WARN_CONSTANT_CONVERSION = YES;
				CLANG_WARN_DEPRECATED_OBJC_IMPLEMENTATIONS = YES;
				CLANG_WARN_DIRECT_OBJC_ISA_USAGE = YES_ERROR;
				CLANG_WARN_DOCUMENTATION_COMMENTS = YES;
				CLANG_WARN_EMPTY_BODY = YES;
				CLANG_WARN_ENUM_CONVERSION = YES;
				CLANG_WARN_INFINITE_RECURSION = YES;
				CLANG_WARN_INT_CONVERSION = YES;
				CLANG_WARN_NON_LITERAL_NULL_CONVERSION = YES;
				CLANG_WARN_OBJC_IMPLICIT_RETAIN_SELF = YES;
				CLANG_WARN_OBJC_LITERAL_CONVERSION = YES;
				CLANG_WARN_OBJC_ROOT_CLASS = YES_ERROR;
				CLANG_WARN_RANGE_LOOP_ANALYSIS = YES;
				CLANG_WARN_STRICT_PROTOTYPES = YES;
				CLANG_WARN_SUSPICIOUS_MOVE = YES;
				CLANG_WARN_UNGUARDED_AVAILABILITY = YES_AGGRESSIVE;
				CLANG_WARN_UNREACHABLE_CODE = YES;
				CLANG_WARN__DUPLICATE_METHOD_MATCH = YES;
				COPY_PHASE_STRIP = NO;
				DEBUG_INFORMATION_FORMAT = dwarf;
				ENABLE_STRICT_OBJC_MSGSEND = YES;
				ENABLE_TESTABILITY = YES;
				GCC_C_LANGUAGE_STANDARD = gnu11;
				GCC_DYNAMIC_NO_PIC = NO;
				GCC_NO_COMMON_BLOCKS = YES;
				GCC_OPTIMIZATION_LEVEL = 0;
				GCC_PREPROCESSOR_DEFINITIONS = (
					"DEBUG=1",
					"$(inherited)",
				);
				GCC_WARN_64_TO_32_BIT_CONVERSION = YES;
				GCC_WARN_ABOUT_RETURN_TYPE = YES_ERROR;
				GCC_WARN_UNDECLARED_SELECTOR = YES;
				GCC_WARN_UNINITIALIZED_AUTOS = YES_AGGRESSIVE;
				GCC_WARN_UNUSED_FUNCTION = YES;
				GCC_WARN_UNUSED_VARIABLE = YES;
				IPHONEOS_DEPLOYMENT_TARGET = 13.2;
				MTL_ENABLE_DEBUG_INFO = INCLUDE_SOURCE;
				MTL_FAST_MATH = YES;
				ONLY_ACTIVE_ARCH = YES;
				SDKROOT = iphoneos;
				SWIFT_ACTIVE_COMPILATION_CONDITIONS = DEBUG;
				SWIFT_OPTIMIZATION_LEVEL = "-Onone";
			};
			name = Debug;
		};
		6A7DA58A23FECAD600DBB519 /* Release */ = {
			isa = XCBuildConfiguration;
			buildSettings = {
				ALWAYS_SEARCH_USER_PATHS = NO;
				CLANG_ANALYZER_NONNULL = YES;
				CLANG_ANALYZER_NUMBER_OBJECT_CONVERSION = YES_AGGRESSIVE;
				CLANG_CXX_LANGUAGE_STANDARD = "gnu++14";
				CLANG_CXX_LIBRARY = "libc++";
				CLANG_ENABLE_MODULES = YES;
				CLANG_ENABLE_OBJC_ARC = YES;
				CLANG_ENABLE_OBJC_WEAK = YES;
				CLANG_WARN_BLOCK_CAPTURE_AUTORELEASING = YES;
				CLANG_WARN_BOOL_CONVERSION = YES;
				CLANG_WARN_COMMA = YES;
				CLANG_WARN_CONSTANT_CONVERSION = YES;
				CLANG_WARN_DEPRECATED_OBJC_IMPLEMENTATIONS = YES;
				CLANG_WARN_DIRECT_OBJC_ISA_USAGE = YES_ERROR;
				CLANG_WARN_DOCUMENTATION_COMMENTS = YES;
				CLANG_WARN_EMPTY_BODY = YES;
				CLANG_WARN_ENUM_CONVERSION = YES;
				CLANG_WARN_INFINITE_RECURSION = YES;
				CLANG_WARN_INT_CONVERSION = YES;
				CLANG_WARN_NON_LITERAL_NULL_CONVERSION = YES;
				CLANG_WARN_OBJC_IMPLICIT_RETAIN_SELF = YES;
				CLANG_WARN_OBJC_LITERAL_CONVERSION = YES;
				CLANG_WARN_OBJC_ROOT_CLASS = YES_ERROR;
				CLANG_WARN_RANGE_LOOP_ANALYSIS = YES;
				CLANG_WARN_STRICT_PROTOTYPES = YES;
				CLANG_WARN_SUSPICIOUS_MOVE = YES;
				CLANG_WARN_UNGUARDED_AVAILABILITY = YES_AGGRESSIVE;
				CLANG_WARN_UNREACHABLE_CODE = YES;
				CLANG_WARN__DUPLICATE_METHOD_MATCH = YES;
				COPY_PHASE_STRIP = NO;
				DEBUG_INFORMATION_FORMAT = "dwarf-with-dsym";
				ENABLE_NS_ASSERTIONS = NO;
				ENABLE_STRICT_OBJC_MSGSEND = YES;
				GCC_C_LANGUAGE_STANDARD = gnu11;
				GCC_NO_COMMON_BLOCKS = YES;
				GCC_WARN_64_TO_32_BIT_CONVERSION = YES;
				GCC_WARN_ABOUT_RETURN_TYPE = YES_ERROR;
				GCC_WARN_UNDECLARED_SELECTOR = YES;
				GCC_WARN_UNINITIALIZED_AUTOS = YES_AGGRESSIVE;
				GCC_WARN_UNUSED_FUNCTION = YES;
				GCC_WARN_UNUSED_VARIABLE = YES;
				IPHONEOS_DEPLOYMENT_TARGET = 13.2;
				MTL_ENABLE_DEBUG_INFO = NO;
				MTL_FAST_MATH = YES;
				SDKROOT = iphoneos;
				SWIFT_COMPILATION_MODE = wholemodule;
				SWIFT_OPTIMIZATION_LEVEL = "-O";
				VALIDATE_PRODUCT = YES;
			};
			name = Release;
		};
		6A7DA58C23FECAD600DBB519 /* Debug */ = {
			isa = XCBuildConfiguration;
			buildSettings = {
				ASSETCATALOG_COMPILER_APPICON_NAME = AppIcon;
				CODE_SIGN_STYLE = Automatic;
				DEVELOPMENT_ASSET_PATHS = "\"GameKit/Preview Content\"";
				DEVELOPMENT_TEAM = 9U8B84CL7Y;
				ENABLE_PREVIEWS = YES;
				INFOPLIST_FILE = GameKit/Info.plist;
				LD_RUNPATH_SEARCH_PATHS = (
					"$(inherited)",
					"@executable_path/Frameworks",
				);
				PRODUCT_BUNDLE_IDENTIFIER = com.mobilelabclass.GameKit;
				PRODUCT_NAME = "Game Kit";
				SWIFT_VERSION = 5.0;
				TARGETED_DEVICE_FAMILY = "1,2";
			};
			name = Debug;
		};
		6A7DA58D23FECAD600DBB519 /* Release */ = {
			isa = XCBuildConfiguration;
			buildSettings = {
				ASSETCATALOG_COMPILER_APPICON_NAME = AppIcon;
				CODE_SIGN_STYLE = Automatic;
				DEVELOPMENT_ASSET_PATHS = "\"GameKit/Preview Content\"";
				DEVELOPMENT_TEAM = 9U8B84CL7Y;
				ENABLE_PREVIEWS = YES;
				INFOPLIST_FILE = GameKit/Info.plist;
				LD_RUNPATH_SEARCH_PATHS = (
					"$(inherited)",
					"@executable_path/Frameworks",
				);
				PRODUCT_BUNDLE_IDENTIFIER = com.mobilelabclass.GameKit;
				PRODUCT_NAME = "Game Kit";
				SWIFT_VERSION = 5.0;
				TARGETED_DEVICE_FAMILY = "1,2";
			};
			name = Release;
		};
/* End XCBuildConfiguration section */

/* Begin XCConfigurationList section */
		6A7DA57223FECAD500DBB519 /* Build configuration list for PBXProject "GameKit" */ = {
			isa = XCConfigurationList;
			buildConfigurations = (
				6A7DA58923FECAD600DBB519 /* Debug */,
				6A7DA58A23FECAD600DBB519 /* Release */,
			);
			defaultConfigurationIsVisible = 0;
			defaultConfigurationName = Release;
		};
		6A7DA58B23FECAD600DBB519 /* Build configuration list for PBXNativeTarget "GameKit" */ = {
			isa = XCConfigurationList;
			buildConfigurations = (
				6A7DA58C23FECAD600DBB519 /* Debug */,
				6A7DA58D23FECAD600DBB519 /* Release */,
			);
			defaultConfigurationIsVisible = 0;
			defaultConfigurationName = Release;
		};
/* End XCConfigurationList section */
	};
	rootObject = 6A7DA56F23FECAD500DBB519 /* Project object */;
}
